// !$*UTF8*$!
{
	archiveVersion = 1;
	classes = {
	};
	objectVersion = 51;
	objects = {

/* Begin PBXBuildFile section */
		0E9F9D7F9CBD4A290F5F2237 /* Pods_BNPayment_Example.framework in Frameworks */ = {isa = PBXBuildFile; fileRef = 94C87DEFFB8DEB7A937B0AD9 /* Pods_BNPayment_Example.framework */; };
		1B7ADAB424EDEE8500F3CAC8 /* Assets.xcassets in Resources */ = {isa = PBXBuildFile; fileRef = 1B7ADAB324EDEE8500F3CAC8 /* Assets.xcassets */; };
		1B7ADAC024EDEEC500F3CAC8 /* PassKit.framework in Frameworks */ = {isa = PBXBuildFile; fileRef = 1B7ADABF24EDEEC500F3CAC8 /* PassKit.framework */; };
		1B7ADADB24EDF14700F3CAC8 /* OHHTTPStubs+Mocktail.m in Sources */ = {isa = PBXBuildFile; fileRef = 1B7ADAC924EDF14600F3CAC8 /* OHHTTPStubs+Mocktail.m */; };
		1B7ADADC24EDF14700F3CAC8 /* OHHTTPStubsResponse.m in Sources */ = {isa = PBXBuildFile; fileRef = 1B7ADACA24EDF14700F3CAC8 /* OHHTTPStubsResponse.m */; };
		1B7ADADD24EDF14700F3CAC8 /* OHHTTPStubsResponse+JSON.m in Sources */ = {isa = PBXBuildFile; fileRef = 1B7ADACC24EDF14700F3CAC8 /* OHHTTPStubsResponse+JSON.m */; };
		1B7ADADE24EDF14700F3CAC8 /* NSURLRequest+HTTPBodyTesting.m in Sources */ = {isa = PBXBuildFile; fileRef = 1B7ADACF24EDF14700F3CAC8 /* NSURLRequest+HTTPBodyTesting.m */; };
		1B7ADADF24EDF14700F3CAC8 /* OHHTTPStubsMethodSwizzling.m in Sources */ = {isa = PBXBuildFile; fileRef = 1B7ADAD024EDF14700F3CAC8 /* OHHTTPStubsMethodSwizzling.m */; };
		1B7ADAE024EDF14700F3CAC8 /* OHHTTPStubs+NSURLSessionConfiguration.m in Sources */ = {isa = PBXBuildFile; fileRef = 1B7ADAD224EDF14700F3CAC8 /* OHHTTPStubs+NSURLSessionConfiguration.m */; };
		1B7ADAE124EDF14700F3CAC8 /* OHPathHelpers.m in Sources */ = {isa = PBXBuildFile; fileRef = 1B7ADAD524EDF14700F3CAC8 /* OHPathHelpers.m */; };
		1B7ADAE224EDF14700F3CAC8 /* OHHTTPStubs.m in Sources */ = {isa = PBXBuildFile; fileRef = 1B7ADAD724EDF14700F3CAC8 /* OHHTTPStubs.m */; };
		1B7ADAE324EDF14700F3CAC8 /* OHHTTPStubsResponse+HTTPMessage.m in Sources */ = {isa = PBXBuildFile; fileRef = 1B7ADADA24EDF14700F3CAC8 /* OHHTTPStubsResponse+HTTPMessage.m */; };
		1B7ADAE624EDF17A00F3CAC8 /* BNColor.swift in Sources */ = {isa = PBXBuildFile; fileRef = 1B7ADAE524EDF17A00F3CAC8 /* BNColor.swift */; };
		1B7ADAE924EDF19400F3CAC8 /* CardsTableViewCell.swift in Sources */ = {isa = PBXBuildFile; fileRef = 1B7ADAE824EDF19400F3CAC8 /* CardsTableViewCell.swift */; };
		1B7ADAF024EDF21C00F3CAC8 /* CustomDataViewController.swift in Sources */ = {isa = PBXBuildFile; fileRef = 1B7ADAEB24EDF21B00F3CAC8 /* CustomDataViewController.swift */; };
		1B7ADAF124EDF21C00F3CAC8 /* CardsViewController.swift in Sources */ = {isa = PBXBuildFile; fileRef = 1B7ADAEC24EDF21B00F3CAC8 /* CardsViewController.swift */; };
		1B7ADAF224EDF21C00F3CAC8 /* MyDetailsViewController.swift in Sources */ = {isa = PBXBuildFile; fileRef = 1B7ADAED24EDF21B00F3CAC8 /* MyDetailsViewController.swift */; };
		1B7ADAF324EDF21C00F3CAC8 /* DeveloperViewController.swift in Sources */ = {isa = PBXBuildFile; fileRef = 1B7ADAEE24EDF21C00F3CAC8 /* DeveloperViewController.swift */; };
		1B7ADAF424EDF21C00F3CAC8 /* ProductsViewController.swift in Sources */ = {isa = PBXBuildFile; fileRef = 1B7ADAEF24EDF21C00F3CAC8 /* ProductsViewController.swift */; };
		1B7ADAF824EDF24200F3CAC8 /* registrationData.json in Resources */ = {isa = PBXBuildFile; fileRef = 1B7ADAF524EDF24200F3CAC8 /* registrationData.json */; };
		1B7ADAF924EDF24200F3CAC8 /* MerchantID.txt in Resources */ = {isa = PBXBuildFile; fileRef = 1B7ADAF624EDF24200F3CAC8 /* MerchantID.txt */; };
		1B7ADAFA24EDF24200F3CAC8 /* paymentData.json in Resources */ = {isa = PBXBuildFile; fileRef = 1B7ADAF724EDF24200F3CAC8 /* paymentData.json */; };
		1B7ADAFD24EDF33B00F3CAC8 /* AppDelegate.swift in Sources */ = {isa = PBXBuildFile; fileRef = 1B7ADAFC24EDF33B00F3CAC8 /* AppDelegate.swift */; };
		1B7ADAFF24EDF35200F3CAC8 /* AppSettings.swift in Sources */ = {isa = PBXBuildFile; fileRef = 1B7ADAFE24EDF35200F3CAC8 /* AppSettings.swift */; };
		1B7ADB0424EDF40800F3CAC8 /* Main.storyboard in Resources */ = {isa = PBXBuildFile; fileRef = 1B7ADB0024EDF40800F3CAC8 /* Main.storyboard */; };
		1B7ADB0524EDF40800F3CAC8 /* LaunchScreen.storyboard in Resources */ = {isa = PBXBuildFile; fileRef = 1B7ADB0224EDF40800F3CAC8 /* LaunchScreen.storyboard */; };
		1B7ADB0A24EDF41900F3CAC8 /* LaunchScreen.storyboard in Resources */ = {isa = PBXBuildFile; fileRef = 1B7ADB0624EDF41900F3CAC8 /* LaunchScreen.storyboard */; };
		1B7ADB0B24EDF41900F3CAC8 /* Main.storyboard in Resources */ = {isa = PBXBuildFile; fileRef = 1B7ADB0824EDF41900F3CAC8 /* Main.storyboard */; };
		1B7ADB1724EE3C8900F3CAC8 /* pipeline.yml in Resources */ = {isa = PBXBuildFile; fileRef = 1B7ADB1624EE3C8900F3CAC8 /* pipeline.yml */; };
		1B7ADB1D24EE3CC400F3CAC8 /* Appfile in Resources */ = {isa = PBXBuildFile; fileRef = 1B7ADB1A24EE3CC400F3CAC8 /* Appfile */; };
		1B7ADB1E24EE3CC400F3CAC8 /* Fastfile in Resources */ = {isa = PBXBuildFile; fileRef = 1B7ADB1B24EE3CC400F3CAC8 /* Fastfile */; };
		1B7ADB1F24EE3CC400F3CAC8 /* README.md in Resources */ = {isa = PBXBuildFile; fileRef = 1B7ADB1C24EE3CC400F3CAC8 /* README.md */; };
		1B7ADB2724EE3E0A00F3CAC8 /* BNPayment_Example_Tests.swift in Sources */ = {isa = PBXBuildFile; fileRef = 1B7ADB2624EE3E0A00F3CAC8 /* BNPayment_Example_Tests.swift */; };
/* End PBXBuildFile section */

/* Begin PBXContainerItemProxy section */
		1B7ADB2924EE3E0A00F3CAC8 /* PBXContainerItemProxy */ = {
			isa = PBXContainerItemProxy;
			containerPortal = 1B7ADA9F24EDEE8100F3CAC8 /* Project object */;
			proxyType = 1;
			remoteGlobalIDString = 1B7ADAA624EDEE8100F3CAC8;
			remoteInfo = "BNPayment-Example";
		};
/* End PBXContainerItemProxy section */

/* Begin PBXFileReference section */
		050C739412252FCA674BB0A8 /* Pods-BNPayment-Example.debug.xcconfig */ = {isa = PBXFileReference; includeInIndex = 1; lastKnownFileType = text.xcconfig; name = "Pods-BNPayment-Example.debug.xcconfig"; path = "Target Support Files/Pods-BNPayment-Example/Pods-BNPayment-Example.debug.xcconfig"; sourceTree = "<group>"; };
		1B7ADAA724EDEE8100F3CAC8 /* Bambora.app */ = {isa = PBXFileReference; explicitFileType = wrapper.application; includeInIndex = 0; path = Bambora.app; sourceTree = BUILT_PRODUCTS_DIR; };
		1B7ADAB324EDEE8500F3CAC8 /* Assets.xcassets */ = {isa = PBXFileReference; lastKnownFileType = folder.assetcatalog; path = Assets.xcassets; sourceTree = "<group>"; };
		1B7ADAB824EDEE8500F3CAC8 /* Info.plist */ = {isa = PBXFileReference; lastKnownFileType = text.plist.xml; path = Info.plist; sourceTree = "<group>"; };
		1B7ADABF24EDEEC500F3CAC8 /* PassKit.framework */ = {isa = PBXFileReference; lastKnownFileType = wrapper.framework; name = PassKit.framework; path = System/Library/Frameworks/PassKit.framework; sourceTree = SDKROOT; };
		1B7ADAC124EDEF2100F3CAC8 /* BNPayment-Example.entitlements */ = {isa = PBXFileReference; lastKnownFileType = text.plist.entitlements; path = "BNPayment-Example.entitlements"; sourceTree = "<group>"; };
		1B7ADAC324EDF14600F3CAC8 /* BNPayment-Example-Bridging-Header.h */ = {isa = PBXFileReference; lastKnownFileType = sourcecode.c.h; path = "BNPayment-Example-Bridging-Header.h"; sourceTree = "<group>"; };
		1B7ADAC424EDF14600F3CAC8 /* Compatibility.h */ = {isa = PBXFileReference; fileEncoding = 4; lastKnownFileType = sourcecode.c.h; path = Compatibility.h; sourceTree = "<group>"; };
		1B7ADAC524EDF14600F3CAC8 /* OHHTTPStubs.h */ = {isa = PBXFileReference; fileEncoding = 4; lastKnownFileType = sourcecode.c.h; path = OHHTTPStubs.h; sourceTree = "<group>"; };
		1B7ADAC624EDF14600F3CAC8 /* OHHTTPStubsResponse.h */ = {isa = PBXFileReference; fileEncoding = 4; lastKnownFileType = sourcecode.c.h; path = OHHTTPStubsResponse.h; sourceTree = "<group>"; };
		1B7ADAC824EDF14600F3CAC8 /* OHHTTPStubs+Mocktail.h */ = {isa = PBXFileReference; fileEncoding = 4; lastKnownFileType = sourcecode.c.h; path = "OHHTTPStubs+Mocktail.h"; sourceTree = "<group>"; };
		1B7ADAC924EDF14600F3CAC8 /* OHHTTPStubs+Mocktail.m */ = {isa = PBXFileReference; fileEncoding = 4; lastKnownFileType = sourcecode.c.objc; path = "OHHTTPStubs+Mocktail.m"; sourceTree = "<group>"; };
		1B7ADACA24EDF14700F3CAC8 /* OHHTTPStubsResponse.m */ = {isa = PBXFileReference; fileEncoding = 4; lastKnownFileType = sourcecode.c.objc; path = OHHTTPStubsResponse.m; sourceTree = "<group>"; };
		1B7ADACC24EDF14700F3CAC8 /* OHHTTPStubsResponse+JSON.m */ = {isa = PBXFileReference; fileEncoding = 4; lastKnownFileType = sourcecode.c.objc; path = "OHHTTPStubsResponse+JSON.m"; sourceTree = "<group>"; };
		1B7ADACD24EDF14700F3CAC8 /* OHHTTPStubsResponse+JSON.h */ = {isa = PBXFileReference; fileEncoding = 4; lastKnownFileType = sourcecode.c.h; path = "OHHTTPStubsResponse+JSON.h"; sourceTree = "<group>"; };
		1B7ADACF24EDF14700F3CAC8 /* NSURLRequest+HTTPBodyTesting.m */ = {isa = PBXFileReference; fileEncoding = 4; lastKnownFileType = sourcecode.c.objc; path = "NSURLRequest+HTTPBodyTesting.m"; sourceTree = "<group>"; };
		1B7ADAD024EDF14700F3CAC8 /* OHHTTPStubsMethodSwizzling.m */ = {isa = PBXFileReference; fileEncoding = 4; lastKnownFileType = sourcecode.c.objc; path = OHHTTPStubsMethodSwizzling.m; sourceTree = "<group>"; };
		1B7ADAD124EDF14700F3CAC8 /* NSURLRequest+HTTPBodyTesting.h */ = {isa = PBXFileReference; fileEncoding = 4; lastKnownFileType = sourcecode.c.h; path = "NSURLRequest+HTTPBodyTesting.h"; sourceTree = "<group>"; };
		1B7ADAD224EDF14700F3CAC8 /* OHHTTPStubs+NSURLSessionConfiguration.m */ = {isa = PBXFileReference; fileEncoding = 4; lastKnownFileType = sourcecode.c.objc; path = "OHHTTPStubs+NSURLSessionConfiguration.m"; sourceTree = "<group>"; };
		1B7ADAD324EDF14700F3CAC8 /* OHHTTPStubsMethodSwizzling.h */ = {isa = PBXFileReference; fileEncoding = 4; lastKnownFileType = sourcecode.c.h; path = OHHTTPStubsMethodSwizzling.h; sourceTree = "<group>"; };
		1B7ADAD524EDF14700F3CAC8 /* OHPathHelpers.m */ = {isa = PBXFileReference; fileEncoding = 4; lastKnownFileType = sourcecode.c.objc; path = OHPathHelpers.m; sourceTree = "<group>"; };
		1B7ADAD624EDF14700F3CAC8 /* OHPathHelpers.h */ = {isa = PBXFileReference; fileEncoding = 4; lastKnownFileType = sourcecode.c.h; path = OHPathHelpers.h; sourceTree = "<group>"; };
		1B7ADAD724EDF14700F3CAC8 /* OHHTTPStubs.m */ = {isa = PBXFileReference; fileEncoding = 4; lastKnownFileType = sourcecode.c.objc; path = OHHTTPStubs.m; sourceTree = "<group>"; };
		1B7ADAD924EDF14700F3CAC8 /* OHHTTPStubsResponse+HTTPMessage.h */ = {isa = PBXFileReference; fileEncoding = 4; lastKnownFileType = sourcecode.c.h; path = "OHHTTPStubsResponse+HTTPMessage.h"; sourceTree = "<group>"; };
		1B7ADADA24EDF14700F3CAC8 /* OHHTTPStubsResponse+HTTPMessage.m */ = {isa = PBXFileReference; fileEncoding = 4; lastKnownFileType = sourcecode.c.objc; path = "OHHTTPStubsResponse+HTTPMessage.m"; sourceTree = "<group>"; };
		1B7ADAE524EDF17A00F3CAC8 /* BNColor.swift */ = {isa = PBXFileReference; fileEncoding = 4; lastKnownFileType = sourcecode.swift; path = BNColor.swift; sourceTree = "<group>"; };
		1B7ADAE824EDF19400F3CAC8 /* CardsTableViewCell.swift */ = {isa = PBXFileReference; fileEncoding = 4; lastKnownFileType = sourcecode.swift; path = CardsTableViewCell.swift; sourceTree = "<group>"; };
		1B7ADAEB24EDF21B00F3CAC8 /* CustomDataViewController.swift */ = {isa = PBXFileReference; fileEncoding = 4; lastKnownFileType = sourcecode.swift; path = CustomDataViewController.swift; sourceTree = "<group>"; };
		1B7ADAEC24EDF21B00F3CAC8 /* CardsViewController.swift */ = {isa = PBXFileReference; fileEncoding = 4; lastKnownFileType = sourcecode.swift; path = CardsViewController.swift; sourceTree = "<group>"; };
		1B7ADAED24EDF21B00F3CAC8 /* MyDetailsViewController.swift */ = {isa = PBXFileReference; fileEncoding = 4; lastKnownFileType = sourcecode.swift; path = MyDetailsViewController.swift; sourceTree = "<group>"; };
		1B7ADAEE24EDF21C00F3CAC8 /* DeveloperViewController.swift */ = {isa = PBXFileReference; fileEncoding = 4; lastKnownFileType = sourcecode.swift; path = DeveloperViewController.swift; sourceTree = "<group>"; };
		1B7ADAEF24EDF21C00F3CAC8 /* ProductsViewController.swift */ = {isa = PBXFileReference; fileEncoding = 4; lastKnownFileType = sourcecode.swift; path = ProductsViewController.swift; sourceTree = "<group>"; };
		1B7ADAF524EDF24200F3CAC8 /* registrationData.json */ = {isa = PBXFileReference; fileEncoding = 4; lastKnownFileType = text.json; path = registrationData.json; sourceTree = "<group>"; };
		1B7ADAF624EDF24200F3CAC8 /* MerchantID.txt */ = {isa = PBXFileReference; fileEncoding = 4; lastKnownFileType = text; path = MerchantID.txt; sourceTree = "<group>"; };
		1B7ADAF724EDF24200F3CAC8 /* paymentData.json */ = {isa = PBXFileReference; fileEncoding = 4; lastKnownFileType = text.json; path = paymentData.json; sourceTree = "<group>"; };
		1B7ADAFC24EDF33B00F3CAC8 /* AppDelegate.swift */ = {isa = PBXFileReference; fileEncoding = 4; lastKnownFileType = sourcecode.swift; path = AppDelegate.swift; sourceTree = "<group>"; };
		1B7ADAFE24EDF35200F3CAC8 /* AppSettings.swift */ = {isa = PBXFileReference; fileEncoding = 4; lastKnownFileType = sourcecode.swift; path = AppSettings.swift; sourceTree = "<group>"; };
		1B7ADB0124EDF40800F3CAC8 /* Base */ = {isa = PBXFileReference; lastKnownFileType = file.storyboard; name = Base; path = "BNPayment-Example/Base.lproj/Main.storyboard"; sourceTree = SOURCE_ROOT; };
		1B7ADB0324EDF40800F3CAC8 /* Base */ = {isa = PBXFileReference; lastKnownFileType = file.storyboard; name = Base; path = "BNPayment-Example/Base.lproj/LaunchScreen.storyboard"; sourceTree = SOURCE_ROOT; };
		1B7ADB0724EDF41900F3CAC8 /* Base */ = {isa = PBXFileReference; lastKnownFileType = file.storyboard; name = Base; path = Base.lproj/LaunchScreen.storyboard; sourceTree = "<group>"; };
		1B7ADB0924EDF41900F3CAC8 /* Base */ = {isa = PBXFileReference; lastKnownFileType = file.storyboard; name = Base; path = Base.lproj/Main.storyboard; sourceTree = "<group>"; };
		1B7ADB1624EE3C8900F3CAC8 /* pipeline.yml */ = {isa = PBXFileReference; fileEncoding = 4; indentWidth = 2; lastKnownFileType = text.yaml; path = pipeline.yml; sourceTree = "<group>"; tabWidth = 2; };
		1B7ADB1A24EE3CC400F3CAC8 /* Appfile */ = {isa = PBXFileReference; fileEncoding = 4; lastKnownFileType = text; path = Appfile; sourceTree = "<group>"; };
		1B7ADB1B24EE3CC400F3CAC8 /* Fastfile */ = {isa = PBXFileReference; fileEncoding = 4; lastKnownFileType = text; path = Fastfile; sourceTree = "<group>"; xcLanguageSpecificationIdentifier = xcode.lang.ruby; };
		1B7ADB1C24EE3CC400F3CAC8 /* README.md */ = {isa = PBXFileReference; fileEncoding = 4; lastKnownFileType = net.daringfireball.markdown; path = README.md; sourceTree = "<group>"; };
		1B7ADB2424EE3E0A00F3CAC8 /* BNPayment-Example-Tests.xctest */ = {isa = PBXFileReference; explicitFileType = wrapper.cfbundle; includeInIndex = 0; path = "BNPayment-Example-Tests.xctest"; sourceTree = BUILT_PRODUCTS_DIR; };
		1B7ADB2624EE3E0A00F3CAC8 /* BNPayment_Example_Tests.swift */ = {isa = PBXFileReference; lastKnownFileType = sourcecode.swift; path = BNPayment_Example_Tests.swift; sourceTree = "<group>"; };
		1B7ADB2824EE3E0A00F3CAC8 /* Info.plist */ = {isa = PBXFileReference; lastKnownFileType = text.plist.xml; path = Info.plist; sourceTree = "<group>"; };
		94C87DEFFB8DEB7A937B0AD9 /* Pods_BNPayment_Example.framework */ = {isa = PBXFileReference; explicitFileType = wrapper.framework; includeInIndex = 0; path = Pods_BNPayment_Example.framework; sourceTree = BUILT_PRODUCTS_DIR; };
		B9719773C8B337FF12F905E4 /* Pods-BNPayment-Example.release.xcconfig */ = {isa = PBXFileReference; includeInIndex = 1; lastKnownFileType = text.xcconfig; name = "Pods-BNPayment-Example.release.xcconfig"; path = "Target Support Files/Pods-BNPayment-Example/Pods-BNPayment-Example.release.xcconfig"; sourceTree = "<group>"; };
/* End PBXFileReference section */

/* Begin PBXFrameworksBuildPhase section */
		1B7ADAA424EDEE8100F3CAC8 /* Frameworks */ = {
			isa = PBXFrameworksBuildPhase;
			buildActionMask = 2147483647;
			files = (
				1B7ADAC024EDEEC500F3CAC8 /* PassKit.framework in Frameworks */,
				0E9F9D7F9CBD4A290F5F2237 /* Pods_BNPayment_Example.framework in Frameworks */,
			);
			runOnlyForDeploymentPostprocessing = 0;
		};
		1B7ADB2124EE3E0A00F3CAC8 /* Frameworks */ = {
			isa = PBXFrameworksBuildPhase;
			buildActionMask = 2147483647;
			files = (
			);
			runOnlyForDeploymentPostprocessing = 0;
		};
/* End PBXFrameworksBuildPhase section */

/* Begin PBXGroup section */
		1B7ADA9E24EDEE8100F3CAC8 = {
			isa = PBXGroup;
			children = (
				1B7ADB1824EE3CC400F3CAC8 /* fastlane */,
				1B7ADB1524EE3C8900F3CAC8 /* .buildkite */,
				1B7ADAA924EDEE8100F3CAC8 /* BNPayment-Example */,
				1B7ADB2524EE3E0A00F3CAC8 /* BNPayment-Example-Tests */,
				1B7ADAA824EDEE8100F3CAC8 /* Products */,
				1B7ADABE24EDEEC500F3CAC8 /* Frameworks */,
				C91649B1F7F36E2A278DC6AA /* Pods */,
			);
			sourceTree = "<group>";
		};
		1B7ADAA824EDEE8100F3CAC8 /* Products */ = {
			isa = PBXGroup;
			children = (
				1B7ADAA724EDEE8100F3CAC8 /* Bambora.app */,
				1B7ADB2424EE3E0A00F3CAC8 /* BNPayment-Example-Tests.xctest */,
			);
			name = Products;
			sourceTree = "<group>";
		};
		1B7ADAA924EDEE8100F3CAC8 /* BNPayment-Example */ = {
			isa = PBXGroup;
			children = (
				1B7ADAFC24EDF33B00F3CAC8 /* AppDelegate.swift */,
				1B7ADAFE24EDF35200F3CAC8 /* AppSettings.swift */,
				1B7ADAFB24EDF24C00F3CAC8 /* Credentials */,
				1B7ADAC224EDF0FE00F3CAC8 /* OHHTTPStubs */,
				1B7ADAE424EDF16300F3CAC8 /* Common */,
				1B7ADAE724EDF18300F3CAC8 /* Cells */,
				1B7ADAEA24EDF1F600F3CAC8 /* ViewControllers */,
				1B7ADAC124EDEF2100F3CAC8 /* BNPayment-Example.entitlements */,
				1B7ADAB324EDEE8500F3CAC8 /* Assets.xcassets */,
				1B7ADAB824EDEE8500F3CAC8 /* Info.plist */,
				1B7ADB0624EDF41900F3CAC8 /* LaunchScreen.storyboard */,
				1B7ADB0824EDF41900F3CAC8 /* Main.storyboard */,
			);
			path = "BNPayment-Example";
			sourceTree = "<group>";
		};
		1B7ADABE24EDEEC500F3CAC8 /* Frameworks */ = {
			isa = PBXGroup;
			children = (
				1B7ADABF24EDEEC500F3CAC8 /* PassKit.framework */,
				94C87DEFFB8DEB7A937B0AD9 /* Pods_BNPayment_Example.framework */,
			);
			name = Frameworks;
			sourceTree = "<group>";
		};
		1B7ADAC224EDF0FE00F3CAC8 /* OHHTTPStubs */ = {
			isa = PBXGroup;
			children = (
				1B7ADAC424EDF14600F3CAC8 /* Compatibility.h */,
				1B7ADAD824EDF14700F3CAC8 /* HTTPMessage */,
				1B7ADACB24EDF14700F3CAC8 /* JSON */,
				1B7ADAC724EDF14600F3CAC8 /* Mocktail */,
				1B7ADACE24EDF14700F3CAC8 /* NSURLSession */,
				1B7ADAC524EDF14600F3CAC8 /* OHHTTPStubs.h */,
				1B7ADAD724EDF14700F3CAC8 /* OHHTTPStubs.m */,
				1B7ADAC624EDF14600F3CAC8 /* OHHTTPStubsResponse.h */,
				1B7ADACA24EDF14700F3CAC8 /* OHHTTPStubsResponse.m */,
				1B7ADAD424EDF14700F3CAC8 /* OHPathHelpers */,
				1B7ADAC324EDF14600F3CAC8 /* BNPayment-Example-Bridging-Header.h */,
			);
			path = OHHTTPStubs;
			sourceTree = "<group>";
		};
		1B7ADAC724EDF14600F3CAC8 /* Mocktail */ = {
			isa = PBXGroup;
			children = (
				1B7ADAC824EDF14600F3CAC8 /* OHHTTPStubs+Mocktail.h */,
				1B7ADAC924EDF14600F3CAC8 /* OHHTTPStubs+Mocktail.m */,
			);
			path = Mocktail;
			sourceTree = "<group>";
		};
		1B7ADACB24EDF14700F3CAC8 /* JSON */ = {
			isa = PBXGroup;
			children = (
				1B7ADACC24EDF14700F3CAC8 /* OHHTTPStubsResponse+JSON.m */,
				1B7ADACD24EDF14700F3CAC8 /* OHHTTPStubsResponse+JSON.h */,
			);
			path = JSON;
			sourceTree = "<group>";
		};
		1B7ADACE24EDF14700F3CAC8 /* NSURLSession */ = {
			isa = PBXGroup;
			children = (
				1B7ADACF24EDF14700F3CAC8 /* NSURLRequest+HTTPBodyTesting.m */,
				1B7ADAD024EDF14700F3CAC8 /* OHHTTPStubsMethodSwizzling.m */,
				1B7ADAD124EDF14700F3CAC8 /* NSURLRequest+HTTPBodyTesting.h */,
				1B7ADAD224EDF14700F3CAC8 /* OHHTTPStubs+NSURLSessionConfiguration.m */,
				1B7ADAD324EDF14700F3CAC8 /* OHHTTPStubsMethodSwizzling.h */,
			);
			path = NSURLSession;
			sourceTree = "<group>";
		};
		1B7ADAD424EDF14700F3CAC8 /* OHPathHelpers */ = {
			isa = PBXGroup;
			children = (
				1B7ADAD524EDF14700F3CAC8 /* OHPathHelpers.m */,
				1B7ADAD624EDF14700F3CAC8 /* OHPathHelpers.h */,
			);
			path = OHPathHelpers;
			sourceTree = "<group>";
		};
		1B7ADAD824EDF14700F3CAC8 /* HTTPMessage */ = {
			isa = PBXGroup;
			children = (
				1B7ADAD924EDF14700F3CAC8 /* OHHTTPStubsResponse+HTTPMessage.h */,
				1B7ADADA24EDF14700F3CAC8 /* OHHTTPStubsResponse+HTTPMessage.m */,
			);
			path = HTTPMessage;
			sourceTree = "<group>";
		};
		1B7ADAE424EDF16300F3CAC8 /* Common */ = {
			isa = PBXGroup;
			children = (
				1B7ADAE524EDF17A00F3CAC8 /* BNColor.swift */,
			);
			path = Common;
			sourceTree = "<group>";
		};
		1B7ADAE724EDF18300F3CAC8 /* Cells */ = {
			isa = PBXGroup;
			children = (
				1B7ADAE824EDF19400F3CAC8 /* CardsTableViewCell.swift */,
			);
			path = Cells;
			sourceTree = "<group>";
		};
		1B7ADAEA24EDF1F600F3CAC8 /* ViewControllers */ = {
			isa = PBXGroup;
			children = (
				1B7ADB0224EDF40800F3CAC8 /* LaunchScreen.storyboard */,
				1B7ADB0024EDF40800F3CAC8 /* Main.storyboard */,
				1B7ADAEC24EDF21B00F3CAC8 /* CardsViewController.swift */,
				1B7ADAEB24EDF21B00F3CAC8 /* CustomDataViewController.swift */,
				1B7ADAEE24EDF21C00F3CAC8 /* DeveloperViewController.swift */,
				1B7ADAED24EDF21B00F3CAC8 /* MyDetailsViewController.swift */,
				1B7ADAEF24EDF21C00F3CAC8 /* ProductsViewController.swift */,
			);
			path = ViewControllers;
			sourceTree = "<group>";
		};
		1B7ADAFB24EDF24C00F3CAC8 /* Credentials */ = {
			isa = PBXGroup;
			children = (
				1B7ADAF624EDF24200F3CAC8 /* MerchantID.txt */,
				1B7ADAF724EDF24200F3CAC8 /* paymentData.json */,
				1B7ADAF524EDF24200F3CAC8 /* registrationData.json */,
			);
			name = Credentials;
			sourceTree = "<group>";
		};
		1B7ADB1524EE3C8900F3CAC8 /* .buildkite */ = {
			isa = PBXGroup;
			children = (
				1B7ADB1624EE3C8900F3CAC8 /* pipeline.yml */,
			);
			name = .buildkite;
			path = ../.buildkite;
			sourceTree = "<group>";
		};
		1B7ADB1824EE3CC400F3CAC8 /* fastlane */ = {
			isa = PBXGroup;
			children = (
				1B7ADB1924EE3CC400F3CAC8 /* test_output */,
				1B7ADB1A24EE3CC400F3CAC8 /* Appfile */,
				1B7ADB1B24EE3CC400F3CAC8 /* Fastfile */,
				1B7ADB1C24EE3CC400F3CAC8 /* README.md */,
			);
			name = fastlane;
			path = ../fastlane;
			sourceTree = "<group>";
		};
		1B7ADB1924EE3CC400F3CAC8 /* test_output */ = {
			isa = PBXGroup;
			children = (
			);
			path = test_output;
			sourceTree = "<group>";
		};
		1B7ADB2524EE3E0A00F3CAC8 /* BNPayment-Example-Tests */ = {
			isa = PBXGroup;
			children = (
				1B7ADB2624EE3E0A00F3CAC8 /* BNPayment_Example_Tests.swift */,
				1B7ADB2824EE3E0A00F3CAC8 /* Info.plist */,
			);
			path = "BNPayment-Example-Tests";
			sourceTree = "<group>";
		};
		C91649B1F7F36E2A278DC6AA /* Pods */ = {
			isa = PBXGroup;
			children = (
				050C739412252FCA674BB0A8 /* Pods-BNPayment-Example.debug.xcconfig */,
				B9719773C8B337FF12F905E4 /* Pods-BNPayment-Example.release.xcconfig */,
			);
			path = Pods;
			sourceTree = "<group>";
		};
/* End PBXGroup section */

/* Begin PBXNativeTarget section */
		1B7ADAA624EDEE8100F3CAC8 /* BNPayment-Example */ = {
			isa = PBXNativeTarget;
			buildConfigurationList = 1B7ADABB24EDEE8500F3CAC8 /* Build configuration list for PBXNativeTarget "BNPayment-Example" */;
			buildPhases = (
				504B0A651C71E21612E72F44 /* [CP] Check Pods Manifest.lock */,
				1B7ADAA324EDEE8100F3CAC8 /* Sources */,
				1B7ADAA424EDEE8100F3CAC8 /* Frameworks */,
				1B7ADAA524EDEE8100F3CAC8 /* Resources */,
				F68661F0979124CF7349D250 /* [CP] Copy Pods Resources */,
			);
			buildRules = (
			);
			dependencies = (
			);
			name = "BNPayment-Example";
			productName = "BNPayment-Example";
			productReference = 1B7ADAA724EDEE8100F3CAC8 /* Bambora.app */;
			productType = "com.apple.product-type.application";
		};
		1B7ADB2324EE3E0A00F3CAC8 /* BNPayment-Example-Tests */ = {
			isa = PBXNativeTarget;
			buildConfigurationList = 1B7ADB2B24EE3E0A00F3CAC8 /* Build configuration list for PBXNativeTarget "BNPayment-Example-Tests" */;
			buildPhases = (
				1B7ADB2024EE3E0A00F3CAC8 /* Sources */,
				1B7ADB2124EE3E0A00F3CAC8 /* Frameworks */,
				1B7ADB2224EE3E0A00F3CAC8 /* Resources */,
			);
			buildRules = (
			);
			dependencies = (
				1B7ADB2A24EE3E0A00F3CAC8 /* PBXTargetDependency */,
			);
			name = "BNPayment-Example-Tests";
			productName = "BNPayment-Example-Tests";
			productReference = 1B7ADB2424EE3E0A00F3CAC8 /* BNPayment-Example-Tests.xctest */;
			productType = "com.apple.product-type.bundle.unit-test";
		};
/* End PBXNativeTarget section */

/* Begin PBXProject section */
		1B7ADA9F24EDEE8100F3CAC8 /* Project object */ = {
			isa = PBXProject;
			attributes = {
				LastSwiftUpdateCheck = 1160;
				LastUpgradeCheck = 1160;
				ORGANIZATIONNAME = Bambora;
				TargetAttributes = {
					1B7ADAA624EDEE8100F3CAC8 = {
						CreatedOnToolsVersion = 11.6;
						LastSwiftMigration = 1160;
					};
					1B7ADB2324EE3E0A00F3CAC8 = {
						CreatedOnToolsVersion = 11.6;
						TestTargetID = 1B7ADAA624EDEE8100F3CAC8;
					};
				};
			};
			buildConfigurationList = 1B7ADAA224EDEE8100F3CAC8 /* Build configuration list for PBXProject "BNPayment-Example" */;
			compatibilityVersion = "Xcode 9.3";
			developmentRegion = en;
			hasScannedForEncodings = 0;
			knownRegions = (
				en,
				Base,
			);
			mainGroup = 1B7ADA9E24EDEE8100F3CAC8;
			productRefGroup = 1B7ADAA824EDEE8100F3CAC8 /* Products */;
			projectDirPath = "";
			projectRoot = "";
			targets = (
				1B7ADAA624EDEE8100F3CAC8 /* BNPayment-Example */,
				1B7ADB2324EE3E0A00F3CAC8 /* BNPayment-Example-Tests */,
			);
		};
/* End PBXProject section */

/* Begin PBXResourcesBuildPhase section */
		1B7ADAA524EDEE8100F3CAC8 /* Resources */ = {
			isa = PBXResourcesBuildPhase;
			buildActionMask = 2147483647;
			files = (
				1B7ADB1724EE3C8900F3CAC8 /* pipeline.yml in Resources */,
				1B7ADB1E24EE3CC400F3CAC8 /* Fastfile in Resources */,
				1B7ADAB424EDEE8500F3CAC8 /* Assets.xcassets in Resources */,
				1B7ADB0424EDF40800F3CAC8 /* Main.storyboard in Resources */,
				1B7ADAFA24EDF24200F3CAC8 /* paymentData.json in Resources */,
				1B7ADB0B24EDF41900F3CAC8 /* Main.storyboard in Resources */,
				1B7ADB1F24EE3CC400F3CAC8 /* README.md in Resources */,
				1B7ADB0524EDF40800F3CAC8 /* LaunchScreen.storyboard in Resources */,
				1B7ADB1D24EE3CC400F3CAC8 /* Appfile in Resources */,
				1B7ADB0A24EDF41900F3CAC8 /* LaunchScreen.storyboard in Resources */,
				1B7ADAF824EDF24200F3CAC8 /* registrationData.json in Resources */,
				1B7ADAF924EDF24200F3CAC8 /* MerchantID.txt in Resources */,
			);
			runOnlyForDeploymentPostprocessing = 0;
		};
		1B7ADB2224EE3E0A00F3CAC8 /* Resources */ = {
			isa = PBXResourcesBuildPhase;
			buildActionMask = 2147483647;
			files = (
			);
			runOnlyForDeploymentPostprocessing = 0;
		};
/* End PBXResourcesBuildPhase section */

/* Begin PBXShellScriptBuildPhase section */
		504B0A651C71E21612E72F44 /* [CP] Check Pods Manifest.lock */ = {
			isa = PBXShellScriptBuildPhase;
			buildActionMask = 2147483647;
			files = (
			);
			inputFileListPaths = (
			);
			inputPaths = (
				"${PODS_PODFILE_DIR_PATH}/Podfile.lock",
				"${PODS_ROOT}/Manifest.lock",
			);
			name = "[CP] Check Pods Manifest.lock";
			outputFileListPaths = (
			);
			outputPaths = (
				"$(DERIVED_FILE_DIR)/Pods-BNPayment-Example-checkManifestLockResult.txt",
			);
			runOnlyForDeploymentPostprocessing = 0;
			shellPath = /bin/sh;
			shellScript = "diff \"${PODS_PODFILE_DIR_PATH}/Podfile.lock\" \"${PODS_ROOT}/Manifest.lock\" > /dev/null\nif [ $? != 0 ] ; then\n    # print error to STDERR\n    echo \"error: The sandbox is not in sync with the Podfile.lock. Run 'pod install' or update your CocoaPods installation.\" >&2\n    exit 1\nfi\n# This output is used by Xcode 'outputs' to avoid re-running this script phase.\necho \"SUCCESS\" > \"${SCRIPT_OUTPUT_FILE_0}\"\n";
			showEnvVarsInLog = 0;
		};
		F68661F0979124CF7349D250 /* [CP] Copy Pods Resources */ = {
			isa = PBXShellScriptBuildPhase;
			buildActionMask = 2147483647;
			files = (
			);
			inputFileListPaths = (
				"${PODS_ROOT}/Target Support Files/Pods-BNPayment-Example/Pods-BNPayment-Example-resources-${CONFIGURATION}-input-files.xcfilelist",
			);
			name = "[CP] Copy Pods Resources";
			outputFileListPaths = (
				"${PODS_ROOT}/Target Support Files/Pods-BNPayment-Example/Pods-BNPayment-Example-resources-${CONFIGURATION}-output-files.xcfilelist",
			);
			runOnlyForDeploymentPostprocessing = 0;
			shellPath = /bin/sh;
			shellScript = "\"${PODS_ROOT}/Target Support Files/Pods-BNPayment-Example/Pods-BNPayment-Example-resources.sh\"\n";
			showEnvVarsInLog = 0;
		};
/* End PBXShellScriptBuildPhase section */

/* Begin PBXSourcesBuildPhase section */
		1B7ADAA324EDEE8100F3CAC8 /* Sources */ = {
			isa = PBXSourcesBuildPhase;
			buildActionMask = 2147483647;
			files = (
				1B7ADAF124EDF21C00F3CAC8 /* CardsViewController.swift in Sources */,
				1B7ADAFF24EDF35200F3CAC8 /* AppSettings.swift in Sources */,
				1B7ADADC24EDF14700F3CAC8 /* OHHTTPStubsResponse.m in Sources */,
				1B7ADAFD24EDF33B00F3CAC8 /* AppDelegate.swift in Sources */,
				1B7ADADF24EDF14700F3CAC8 /* OHHTTPStubsMethodSwizzling.m in Sources */,
				1B7ADAF424EDF21C00F3CAC8 /* ProductsViewController.swift in Sources */,
				1B7ADADD24EDF14700F3CAC8 /* OHHTTPStubsResponse+JSON.m in Sources */,
				1B7ADAE224EDF14700F3CAC8 /* OHHTTPStubs.m in Sources */,
				1B7ADAE124EDF14700F3CAC8 /* OHPathHelpers.m in Sources */,
				1B7ADAF024EDF21C00F3CAC8 /* CustomDataViewController.swift in Sources */,
				1B7ADADB24EDF14700F3CAC8 /* OHHTTPStubs+Mocktail.m in Sources */,
				1B7ADAE624EDF17A00F3CAC8 /* BNColor.swift in Sources */,
				1B7ADAE024EDF14700F3CAC8 /* OHHTTPStubs+NSURLSessionConfiguration.m in Sources */,
				1B7ADAE324EDF14700F3CAC8 /* OHHTTPStubsResponse+HTTPMessage.m in Sources */,
				1B7ADAE924EDF19400F3CAC8 /* CardsTableViewCell.swift in Sources */,
				1B7ADADE24EDF14700F3CAC8 /* NSURLRequest+HTTPBodyTesting.m in Sources */,
				1B7ADAF224EDF21C00F3CAC8 /* MyDetailsViewController.swift in Sources */,
				1B7ADAF324EDF21C00F3CAC8 /* DeveloperViewController.swift in Sources */,
			);
			runOnlyForDeploymentPostprocessing = 0;
		};
		1B7ADB2024EE3E0A00F3CAC8 /* Sources */ = {
			isa = PBXSourcesBuildPhase;
			buildActionMask = 2147483647;
			files = (
				1B7ADB2724EE3E0A00F3CAC8 /* BNPayment_Example_Tests.swift in Sources */,
			);
			runOnlyForDeploymentPostprocessing = 0;
		};
/* End PBXSourcesBuildPhase section */

/* Begin PBXTargetDependency section */
		1B7ADB2A24EE3E0A00F3CAC8 /* PBXTargetDependency */ = {
			isa = PBXTargetDependency;
			target = 1B7ADAA624EDEE8100F3CAC8 /* BNPayment-Example */;
			targetProxy = 1B7ADB2924EE3E0A00F3CAC8 /* PBXContainerItemProxy */;
		};
/* End PBXTargetDependency section */

/* Begin PBXVariantGroup section */
		1B7ADB0024EDF40800F3CAC8 /* Main.storyboard */ = {
			isa = PBXVariantGroup;
			children = (
				1B7ADB0124EDF40800F3CAC8 /* Base */,
			);
			name = Main.storyboard;
			sourceTree = "<group>";
		};
		1B7ADB0224EDF40800F3CAC8 /* LaunchScreen.storyboard */ = {
			isa = PBXVariantGroup;
			children = (
				1B7ADB0324EDF40800F3CAC8 /* Base */,
			);
			name = LaunchScreen.storyboard;
			sourceTree = "<group>";
		};
		1B7ADB0624EDF41900F3CAC8 /* LaunchScreen.storyboard */ = {
			isa = PBXVariantGroup;
			children = (
				1B7ADB0724EDF41900F3CAC8 /* Base */,
			);
			name = LaunchScreen.storyboard;
			sourceTree = "<group>";
		};
		1B7ADB0824EDF41900F3CAC8 /* Main.storyboard */ = {
			isa = PBXVariantGroup;
			children = (
				1B7ADB0924EDF41900F3CAC8 /* Base */,
			);
			name = Main.storyboard;
			sourceTree = "<group>";
		};
/* End PBXVariantGroup section */

/* Begin XCBuildConfiguration section */
		1B7ADAB924EDEE8500F3CAC8 /* Debug */ = {
			isa = XCBuildConfiguration;
			buildSettings = {
				ALWAYS_SEARCH_USER_PATHS = NO;
				CLANG_ANALYZER_NONNULL = YES;
				CLANG_ANALYZER_NUMBER_OBJECT_CONVERSION = YES_AGGRESSIVE;
				CLANG_CXX_LANGUAGE_STANDARD = "gnu++14";
				CLANG_CXX_LIBRARY = "libc++";
				CLANG_ENABLE_MODULES = YES;
				CLANG_ENABLE_OBJC_ARC = YES;
				CLANG_ENABLE_OBJC_WEAK = YES;
				CLANG_WARN_BLOCK_CAPTURE_AUTORELEASING = YES;
				CLANG_WARN_BOOL_CONVERSION = YES;
				CLANG_WARN_COMMA = YES;
				CLANG_WARN_CONSTANT_CONVERSION = YES;
				CLANG_WARN_DEPRECATED_OBJC_IMPLEMENTATIONS = YES;
				CLANG_WARN_DIRECT_OBJC_ISA_USAGE = YES_ERROR;
				CLANG_WARN_DOCUMENTATION_COMMENTS = YES;
				CLANG_WARN_EMPTY_BODY = YES;
				CLANG_WARN_ENUM_CONVERSION = YES;
				CLANG_WARN_INFINITE_RECURSION = YES;
				CLANG_WARN_INT_CONVERSION = YES;
				CLANG_WARN_NON_LITERAL_NULL_CONVERSION = YES;
				CLANG_WARN_OBJC_IMPLICIT_RETAIN_SELF = YES;
				CLANG_WARN_OBJC_LITERAL_CONVERSION = YES;
				CLANG_WARN_OBJC_ROOT_CLASS = YES_ERROR;
				CLANG_WARN_RANGE_LOOP_ANALYSIS = YES;
				CLANG_WARN_STRICT_PROTOTYPES = YES;
				CLANG_WARN_SUSPICIOUS_MOVE = YES;
				CLANG_WARN_UNGUARDED_AVAILABILITY = YES_AGGRESSIVE;
				CLANG_WARN_UNREACHABLE_CODE = YES;
				CLANG_WARN__DUPLICATE_METHOD_MATCH = YES;
				COPY_PHASE_STRIP = NO;
				DEBUG_INFORMATION_FORMAT = dwarf;
				ENABLE_STRICT_OBJC_MSGSEND = YES;
				ENABLE_TESTABILITY = YES;
				GCC_C_LANGUAGE_STANDARD = gnu11;
				GCC_DYNAMIC_NO_PIC = NO;
				GCC_NO_COMMON_BLOCKS = YES;
				GCC_OPTIMIZATION_LEVEL = 0;
				GCC_PREPROCESSOR_DEFINITIONS = (
					"DEBUG=1",
					"$(inherited)",
				);
				GCC_WARN_64_TO_32_BIT_CONVERSION = YES;
				GCC_WARN_ABOUT_RETURN_TYPE = YES_ERROR;
				GCC_WARN_UNDECLARED_SELECTOR = YES;
				GCC_WARN_UNINITIALIZED_AUTOS = YES_AGGRESSIVE;
				GCC_WARN_UNUSED_FUNCTION = YES;
				GCC_WARN_UNUSED_VARIABLE = YES;
				IPHONEOS_DEPLOYMENT_TARGET = 10.2;
				MTL_ENABLE_DEBUG_INFO = INCLUDE_SOURCE;
				MTL_FAST_MATH = YES;
				ONLY_ACTIVE_ARCH = YES;
				SDKROOT = iphoneos;
				SWIFT_ACTIVE_COMPILATION_CONDITIONS = DEBUG;
				SWIFT_OPTIMIZATION_LEVEL = "-Onone";
			};
			name = Debug;
		};
		1B7ADABA24EDEE8500F3CAC8 /* Release */ = {
			isa = XCBuildConfiguration;
			buildSettings = {
				ALWAYS_SEARCH_USER_PATHS = NO;
				CLANG_ANALYZER_NONNULL = YES;
				CLANG_ANALYZER_NUMBER_OBJECT_CONVERSION = YES_AGGRESSIVE;
				CLANG_CXX_LANGUAGE_STANDARD = "gnu++14";
				CLANG_CXX_LIBRARY = "libc++";
				CLANG_ENABLE_MODULES = YES;
				CLANG_ENABLE_OBJC_ARC = YES;
				CLANG_ENABLE_OBJC_WEAK = YES;
				CLANG_WARN_BLOCK_CAPTURE_AUTORELEASING = YES;
				CLANG_WARN_BOOL_CONVERSION = YES;
				CLANG_WARN_COMMA = YES;
				CLANG_WARN_CONSTANT_CONVERSION = YES;
				CLANG_WARN_DEPRECATED_OBJC_IMPLEMENTATIONS = YES;
				CLANG_WARN_DIRECT_OBJC_ISA_USAGE = YES_ERROR;
				CLANG_WARN_DOCUMENTATION_COMMENTS = YES;
				CLANG_WARN_EMPTY_BODY = YES;
				CLANG_WARN_ENUM_CONVERSION = YES;
				CLANG_WARN_INFINITE_RECURSION = YES;
				CLANG_WARN_INT_CONVERSION = YES;
				CLANG_WARN_NON_LITERAL_NULL_CONVERSION = YES;
				CLANG_WARN_OBJC_IMPLICIT_RETAIN_SELF = YES;
				CLANG_WARN_OBJC_LITERAL_CONVERSION = YES;
				CLANG_WARN_OBJC_ROOT_CLASS = YES_ERROR;
				CLANG_WARN_RANGE_LOOP_ANALYSIS = YES;
				CLANG_WARN_STRICT_PROTOTYPES = YES;
				CLANG_WARN_SUSPICIOUS_MOVE = YES;
				CLANG_WARN_UNGUARDED_AVAILABILITY = YES_AGGRESSIVE;
				CLANG_WARN_UNREACHABLE_CODE = YES;
				CLANG_WARN__DUPLICATE_METHOD_MATCH = YES;
				COPY_PHASE_STRIP = NO;
				DEBUG_INFORMATION_FORMAT = "dwarf-with-dsym";
				ENABLE_NS_ASSERTIONS = NO;
				ENABLE_STRICT_OBJC_MSGSEND = YES;
				GCC_C_LANGUAGE_STANDARD = gnu11;
				GCC_NO_COMMON_BLOCKS = YES;
				GCC_WARN_64_TO_32_BIT_CONVERSION = YES;
				GCC_WARN_ABOUT_RETURN_TYPE = YES_ERROR;
				GCC_WARN_UNDECLARED_SELECTOR = YES;
				GCC_WARN_UNINITIALIZED_AUTOS = YES_AGGRESSIVE;
				GCC_WARN_UNUSED_FUNCTION = YES;
				GCC_WARN_UNUSED_VARIABLE = YES;
				IPHONEOS_DEPLOYMENT_TARGET = 10.2;
				MTL_ENABLE_DEBUG_INFO = NO;
				MTL_FAST_MATH = YES;
				SDKROOT = iphoneos;
				SWIFT_COMPILATION_MODE = wholemodule;
				SWIFT_OPTIMIZATION_LEVEL = "-O";
				VALIDATE_PRODUCT = YES;
			};
			name = Release;
		};
		1B7ADABC24EDEE8500F3CAC8 /* Debug */ = {
			isa = XCBuildConfiguration;
			baseConfigurationReference = 050C739412252FCA674BB0A8 /* Pods-BNPayment-Example.debug.xcconfig */;
			buildSettings = {
				ASSETCATALOG_COMPILER_APPICON_NAME = AppIcon;
				CLANG_ENABLE_MODULES = YES;
				CODE_SIGN_ENTITLEMENTS = "BNPayment-Example/BNPayment-Example.entitlements";
				CODE_SIGN_STYLE = Automatic;
				CURRENT_PROJECT_VERSION = 23;
				DEVELOPMENT_TEAM = UQV9F8CUQE;
				FRAMEWORK_SEARCH_PATHS = (
					"$(inherited)",
					"$(PROJECT_DIR)",
				);
				INFOPLIST_FILE = "BNPayment-Example/Info.plist";
				IPHONEOS_DEPLOYMENT_TARGET = 10.2;
				LD_RUNPATH_SEARCH_PATHS = (
					"$(inherited)",
					"@executable_path/Frameworks",
				);
				MARKETING_VERSION = 1.9;
				PRODUCT_BUNDLE_IDENTIFIER = com.ippayments.sdkdemo.sentia;
				PRODUCT_NAME = Bambora;
				SWIFT_OBJC_BRIDGING_HEADER = "BNPayment-Example/OHHTTPStubs/BNPayment-Example-Bridging-Header.h";
				SWIFT_OPTIMIZATION_LEVEL = "-Onone";
				SWIFT_VERSION = 5.0;
				TARGETED_DEVICE_FAMILY = 1;
			};
			name = Debug;
		};
		1B7ADABD24EDEE8500F3CAC8 /* Release */ = {
			isa = XCBuildConfiguration;
			baseConfigurationReference = B9719773C8B337FF12F905E4 /* Pods-BNPayment-Example.release.xcconfig */;
			buildSettings = {
				ASSETCATALOG_COMPILER_APPICON_NAME = AppIcon;
				CLANG_ENABLE_MODULES = YES;
				CODE_SIGN_ENTITLEMENTS = "BNPayment-Example/BNPayment-Example.entitlements";
				CODE_SIGN_STYLE = Automatic;
				CURRENT_PROJECT_VERSION = 23;
				DEVELOPMENT_TEAM = UQV9F8CUQE;
				FRAMEWORK_SEARCH_PATHS = (
					"$(inherited)",
					"$(PROJECT_DIR)",
				);
				INFOPLIST_FILE = "BNPayment-Example/Info.plist";
				IPHONEOS_DEPLOYMENT_TARGET = 10.2;
				LD_RUNPATH_SEARCH_PATHS = (
					"$(inherited)",
					"@executable_path/Frameworks",
				);
				MARKETING_VERSION = 1.9;
				PRODUCT_BUNDLE_IDENTIFIER = com.ippayments.sdkdemo.sentia;
				PRODUCT_NAME = Bambora;
				SWIFT_OBJC_BRIDGING_HEADER = "BNPayment-Example/OHHTTPStubs/BNPayment-Example-Bridging-Header.h";
				SWIFT_VERSION = 5.0;
				TARGETED_DEVICE_FAMILY = 1;
			};
			name = Release;
		};
		1B7ADB2C24EE3E0A00F3CAC8 /* Debug */ = {
			isa = XCBuildConfiguration;
			buildSettings = {
				BUNDLE_LOADER = "$(TEST_HOST)";
				CODE_SIGN_STYLE = Automatic;
				DEVELOPMENT_TEAM = UQV9F8CUQE;
				INFOPLIST_FILE = "BNPayment-Example-Tests/Info.plist";
				IPHONEOS_DEPLOYMENT_TARGET = 10.2;
				LD_RUNPATH_SEARCH_PATHS = (
					"$(inherited)",
					"@executable_path/Frameworks",
					"@loader_path/Frameworks",
				);
				PRODUCT_BUNDLE_IDENTIFIER = "com.ippayments.sdkdemo.BNPayment-Example-Tests";
				PRODUCT_NAME = "$(TARGET_NAME)";
				SWIFT_VERSION = 5.0;
				TARGETED_DEVICE_FAMILY = "1,2";
				TEST_HOST = "$(BUILT_PRODUCTS_DIR)/Bambora.app/Bambora";
			};
			name = Debug;
		};
		1B7ADB2D24EE3E0A00F3CAC8 /* Release */ = {
			isa = XCBuildConfiguration;
			buildSettings = {
				BUNDLE_LOADER = "$(TEST_HOST)";
				CODE_SIGN_STYLE = Automatic;
				DEVELOPMENT_TEAM = UQV9F8CUQE;
				INFOPLIST_FILE = "BNPayment-Example-Tests/Info.plist";
				IPHONEOS_DEPLOYMENT_TARGET = 10.2;
				LD_RUNPATH_SEARCH_PATHS = (
					"$(inherited)",
					"@executable_path/Frameworks",
					"@loader_path/Frameworks",
				);
				PRODUCT_BUNDLE_IDENTIFIER = "com.ippayments.sdkdemo.BNPayment-Example-Tests";
				PRODUCT_NAME = "$(TARGET_NAME)";
				SWIFT_VERSION = 5.0;
				TARGETED_DEVICE_FAMILY = "1,2";
				TEST_HOST = "$(BUILT_PRODUCTS_DIR)/Bambora.app/Bambora";
			};
			name = Release;
		};
/* End XCBuildConfiguration section */

/* Begin XCConfigurationList section */
		1B7ADAA224EDEE8100F3CAC8 /* Build configuration list for PBXProject "BNPayment-Example" */ = {
			isa = XCConfigurationList;
			buildConfigurations = (
				1B7ADAB924EDEE8500F3CAC8 /* Debug */,
				1B7ADABA24EDEE8500F3CAC8 /* Release */,
			);
			defaultConfigurationIsVisible = 0;
			defaultConfigurationName = Release;
		};
		1B7ADABB24EDEE8500F3CAC8 /* Build configuration list for PBXNativeTarget "BNPayment-Example" */ = {
			isa = XCConfigurationList;
			buildConfigurations = (
				1B7ADABC24EDEE8500F3CAC8 /* Debug */,
				1B7ADABD24EDEE8500F3CAC8 /* Release */,
			);
			defaultConfigurationIsVisible = 0;
			defaultConfigurationName = Release;
		};
		1B7ADB2B24EE3E0A00F3CAC8 /* Build configuration list for PBXNativeTarget "BNPayment-Example-Tests" */ = {
			isa = XCConfigurationList;
			buildConfigurations = (
				1B7ADB2C24EE3E0A00F3CAC8 /* Debug */,
				1B7ADB2D24EE3E0A00F3CAC8 /* Release */,
			);
			defaultConfigurationIsVisible = 0;
			defaultConfigurationName = Release;
		};
/* End XCConfigurationList section */
	};
	rootObject = 1B7ADA9F24EDEE8100F3CAC8 /* Project object */;
}
