// !$*UTF8*$!
{
	archiveVersion = 1;
	classes = {
	};
	objectVersion = 46;
	objects = {

/* Begin PBXBuildFile section */
		5D7723A91CB79E6D00D680FE /* UIKit.framework in Frameworks */ = {isa = PBXBuildFile; fileRef = 5D7723A81CB79E6D00D680FE /* UIKit.framework */; };
		5D8007111CB7CED100E29149 /* BNPayment.framework in CopyFiles */ = {isa = PBXBuildFile; fileRef = 5D80070F1CB7CE6200E29149 /* BNPayment.framework */; settings = {ATTRIBUTES = (CodeSignOnCopy, RemoveHeadersOnCopy, ); }; };
		5D8007151CB7D1E200E29149 /* BNPayment.framework in Frameworks */ = {isa = PBXBuildFile; fileRef = 5D80070F1CB7CE6200E29149 /* BNPayment.framework */; };
		5DAABF441CB69B8100CEDB91 /* main.m in Sources */ = {isa = PBXBuildFile; fileRef = 5DAABF431CB69B8100CEDB91 /* main.m */; };
		5DAABF471CB69B8100CEDB91 /* AppDelegate.m in Sources */ = {isa = PBXBuildFile; fileRef = 5DAABF461CB69B8100CEDB91 /* AppDelegate.m */; };
		5DAABF4D1CB69B8100CEDB91 /* Main.storyboard in Resources */ = {isa = PBXBuildFile; fileRef = 5DAABF4B1CB69B8100CEDB91 /* Main.storyboard */; };
		5DAABF4F1CB69B8100CEDB91 /* Assets.xcassets in Resources */ = {isa = PBXBuildFile; fileRef = 5DAABF4E1CB69B8100CEDB91 /* Assets.xcassets */; };
		5DAABF521CB69B8100CEDB91 /* LaunchScreen.storyboard in Resources */ = {isa = PBXBuildFile; fileRef = 5DAABF501CB69B8100CEDB91 /* LaunchScreen.storyboard */; };
		95C314D720037BBC007CFE72 /* OHHTTPStubsResponse+JSON.m in Sources */ = {isa = PBXBuildFile; fileRef = 95C314BF20037BBB007CFE72 /* OHHTTPStubsResponse+JSON.m */; };
		95C314D820037BBC007CFE72 /* OHHTTPStubs.m in Sources */ = {isa = PBXBuildFile; fileRef = 95C314C120037BBB007CFE72 /* OHHTTPStubs.m */; };
		95C314D920037BBC007CFE72 /* OHPathHelpers.m in Sources */ = {isa = PBXBuildFile; fileRef = 95C314C420037BBB007CFE72 /* OHPathHelpers.m */; };
		95C314DB20037BBC007CFE72 /* OHHTTPStubsResponse.m in Sources */ = {isa = PBXBuildFile; fileRef = 95C314C820037BBB007CFE72 /* OHHTTPStubsResponse.m */; };
		95C314DC20037BBC007CFE72 /* OHHTTPStubs+Mocktail.m in Sources */ = {isa = PBXBuildFile; fileRef = 95C314CB20037BBB007CFE72 /* OHHTTPStubs+Mocktail.m */; };
		95C314DD20037BBC007CFE72 /* OHHTTPStubsResponse+HTTPMessage.m in Sources */ = {isa = PBXBuildFile; fileRef = 95C314CE20037BBB007CFE72 /* OHHTTPStubsResponse+HTTPMessage.m */; };
		95C314DE20037BBC007CFE72 /* NSURLRequest+HTTPBodyTesting.m in Sources */ = {isa = PBXBuildFile; fileRef = 95C314D220037BBC007CFE72 /* NSURLRequest+HTTPBodyTesting.m */; };
		95C314DF20037BBC007CFE72 /* OHHTTPStubsMethodSwizzling.m in Sources */ = {isa = PBXBuildFile; fileRef = 95C314D320037BBC007CFE72 /* OHHTTPStubsMethodSwizzling.m */; };
		95C314E020037BBC007CFE72 /* OHHTTPStubs+NSURLSessionConfiguration.m in Sources */ = {isa = PBXBuildFile; fileRef = 95C314D520037BBC007CFE72 /* OHHTTPStubs+NSURLSessionConfiguration.m */; };
		95C314E320040A14007CFE72 /* VisaCheckoutParams.json in Resources */ = {isa = PBXBuildFile; fileRef = 95C314E220040A14007CFE72 /* VisaCheckoutParams.json */; };
		972160A12004475E00644B6F /* VisaCheckoutTransaction.json in Resources */ = {isa = PBXBuildFile; fileRef = 972160A02004475E00644B6F /* VisaCheckoutTransaction.json */; };
		972D988E1FFF4B8D00AB8635 /* MerchantID.txt in Resources */ = {isa = PBXBuildFile; fileRef = 972D988D1FFF4B8D00AB8635 /* MerchantID.txt */; };
		976E84E41FF46E9E001CE383 /* VisaCheckoutHybrid.framework in Frameworks */ = {isa = PBXBuildFile; fileRef = 976E84E31FF46E9E001CE383 /* VisaCheckoutHybrid.framework */; };
		976E84E51FF46E9E001CE383 /* VisaCheckoutHybrid.framework in CopyFiles */ = {isa = PBXBuildFile; fileRef = 976E84E31FF46E9E001CE383 /* VisaCheckoutHybrid.framework */; settings = {ATTRIBUTES = (CodeSignOnCopy, RemoveHeadersOnCopy, ); }; };
		EA6365D31EDFE8AD00553EC7 /* DeveloperViewController.swift in Sources */ = {isa = PBXBuildFile; fileRef = EA6365D21EDFE8AD00553EC7 /* DeveloperViewController.swift */; };
		F861587F1EB16107007EFE17 /* registrationData.json in Resources */ = {isa = PBXBuildFile; fileRef = F861587E1EB16107007EFE17 /* registrationData.json */; };
		F86158811EB16305007EFE17 /* paymentData.json in Resources */ = {isa = PBXBuildFile; fileRef = F86158801EB16305007EFE17 /* paymentData.json */; };
		F87893F91EB02A480049E354 /* AppSettings.m in Sources */ = {isa = PBXBuildFile; fileRef = F87893F81EB02A480049E354 /* AppSettings.m */; };
		F8A9E3CE1E8B2DA000081251 /* PassKit.framework in Frameworks */ = {isa = PBXBuildFile; fileRef = F8A9E3CD1E8B2DA000081251 /* PassKit.framework */; };
		F8C7D7761E88B34900FC7362 /* ProductsViewController.swift in Sources */ = {isa = PBXBuildFile; fileRef = F8C7D7751E88B34900FC7362 /* ProductsViewController.swift */; };
		F8C7D7781E88C3E100FC7362 /* CardsViewController.swift in Sources */ = {isa = PBXBuildFile; fileRef = F8C7D7771E88C3E100FC7362 /* CardsViewController.swift */; };
		F8C7D78F1E89B10800FC7362 /* CardsTableViewCell.swift in Sources */ = {isa = PBXBuildFile; fileRef = F8C7D78E1E89B10800FC7362 /* CardsTableViewCell.swift */; };
		F8D0A2711E8C6B4300FD49B1 /* BNColor.swift in Sources */ = {isa = PBXBuildFile; fileRef = F8D0A2701E8C6B4300FD49B1 /* BNColor.swift */; };
		F8D0A2741E8C745800FD49B1 /* MyDetailsViewController.swift in Sources */ = {isa = PBXBuildFile; fileRef = F8D0A2731E8C745800FD49B1 /* MyDetailsViewController.swift */; };
		F8D0A2761E8C746C00FD49B1 /* CustomDataViewController.swift in Sources */ = {isa = PBXBuildFile; fileRef = F8D0A2751E8C746C00FD49B1 /* CustomDataViewController.swift */; };
/* End PBXBuildFile section */

/* Begin PBXCopyFilesBuildPhase section */
		5D7723B31CB7A21200D680FE /* CopyFiles */ = {
			isa = PBXCopyFilesBuildPhase;
			buildActionMask = 12;
			dstPath = "";
			dstSubfolderSpec = 10;
			files = (
				5D8007111CB7CED100E29149 /* BNPayment.framework in CopyFiles */,
				976E84E51FF46E9E001CE383 /* VisaCheckoutHybrid.framework in CopyFiles */,
			);
			runOnlyForDeploymentPostprocessing = 0;
		};
/* End PBXCopyFilesBuildPhase section */

/* Begin PBXFileReference section */
		5D7723A81CB79E6D00D680FE /* UIKit.framework */ = {isa = PBXFileReference; lastKnownFileType = wrapper.framework; name = UIKit.framework; path = System/Library/Frameworks/UIKit.framework; sourceTree = SDKROOT; };
		5D80070F1CB7CE6200E29149 /* BNPayment.framework */ = {isa = PBXFileReference; lastKnownFileType = wrapper.framework; name = BNPayment.framework; path = ../build/BNPayment.framework; sourceTree = "<group>"; };
		5DAABF3F1CB69B8100CEDB91 /* BNPayment-Example.app */ = {isa = PBXFileReference; explicitFileType = wrapper.application; includeInIndex = 0; path = "BNPayment-Example.app"; sourceTree = BUILT_PRODUCTS_DIR; };
		5DAABF431CB69B8100CEDB91 /* main.m */ = {isa = PBXFileReference; lastKnownFileType = sourcecode.c.objc; path = main.m; sourceTree = "<group>"; };
		5DAABF451CB69B8100CEDB91 /* AppDelegate.h */ = {isa = PBXFileReference; lastKnownFileType = sourcecode.c.h; path = AppDelegate.h; sourceTree = "<group>"; };
		5DAABF461CB69B8100CEDB91 /* AppDelegate.m */ = {isa = PBXFileReference; lastKnownFileType = sourcecode.c.objc; path = AppDelegate.m; sourceTree = "<group>"; };
		5DAABF4C1CB69B8100CEDB91 /* Base */ = {isa = PBXFileReference; lastKnownFileType = file.storyboard; name = Base; path = Base.lproj/Main.storyboard; sourceTree = "<group>"; };
		5DAABF4E1CB69B8100CEDB91 /* Assets.xcassets */ = {isa = PBXFileReference; lastKnownFileType = folder.assetcatalog; path = Assets.xcassets; sourceTree = "<group>"; };
		5DAABF511CB69B8100CEDB91 /* Base */ = {isa = PBXFileReference; lastKnownFileType = file.storyboard; name = Base; path = Base.lproj/LaunchScreen.storyboard; sourceTree = "<group>"; };
		5DAABF531CB69B8100CEDB91 /* Info.plist */ = {isa = PBXFileReference; lastKnownFileType = text.plist.xml; path = Info.plist; sourceTree = "<group>"; };
		95C314BF20037BBB007CFE72 /* OHHTTPStubsResponse+JSON.m */ = {isa = PBXFileReference; fileEncoding = 4; lastKnownFileType = sourcecode.c.objc; path = "OHHTTPStubsResponse+JSON.m"; sourceTree = "<group>"; };
		95C314C020037BBB007CFE72 /* OHHTTPStubsResponse+JSON.h */ = {isa = PBXFileReference; fileEncoding = 4; lastKnownFileType = sourcecode.c.h; path = "OHHTTPStubsResponse+JSON.h"; sourceTree = "<group>"; };
		95C314C120037BBB007CFE72 /* OHHTTPStubs.m */ = {isa = PBXFileReference; fileEncoding = 4; lastKnownFileType = sourcecode.c.objc; path = OHHTTPStubs.m; sourceTree = "<group>"; };
		95C314C220037BBB007CFE72 /* OHHTTPStubsResponse.h */ = {isa = PBXFileReference; fileEncoding = 4; lastKnownFileType = sourcecode.c.h; path = OHHTTPStubsResponse.h; sourceTree = "<group>"; };
		95C314C420037BBB007CFE72 /* OHPathHelpers.m */ = {isa = PBXFileReference; fileEncoding = 4; lastKnownFileType = sourcecode.c.objc; path = OHPathHelpers.m; sourceTree = "<group>"; };
		95C314C520037BBB007CFE72 /* OHPathHelpers.h */ = {isa = PBXFileReference; fileEncoding = 4; lastKnownFileType = sourcecode.c.h; path = OHPathHelpers.h; sourceTree = "<group>"; };
		95C314C820037BBB007CFE72 /* OHHTTPStubsResponse.m */ = {isa = PBXFileReference; fileEncoding = 4; lastKnownFileType = sourcecode.c.objc; path = OHHTTPStubsResponse.m; sourceTree = "<group>"; };
		95C314CA20037BBB007CFE72 /* OHHTTPStubs+Mocktail.h */ = {isa = PBXFileReference; fileEncoding = 4; lastKnownFileType = sourcecode.c.h; path = "OHHTTPStubs+Mocktail.h"; sourceTree = "<group>"; };
		95C314CB20037BBB007CFE72 /* OHHTTPStubs+Mocktail.m */ = {isa = PBXFileReference; fileEncoding = 4; lastKnownFileType = sourcecode.c.objc; path = "OHHTTPStubs+Mocktail.m"; sourceTree = "<group>"; };
		95C314CD20037BBB007CFE72 /* OHHTTPStubsResponse+HTTPMessage.h */ = {isa = PBXFileReference; fileEncoding = 4; lastKnownFileType = sourcecode.c.h; path = "OHHTTPStubsResponse+HTTPMessage.h"; sourceTree = "<group>"; };
		95C314CE20037BBB007CFE72 /* OHHTTPStubsResponse+HTTPMessage.m */ = {isa = PBXFileReference; fileEncoding = 4; lastKnownFileType = sourcecode.c.objc; path = "OHHTTPStubsResponse+HTTPMessage.m"; sourceTree = "<group>"; };
		95C314CF20037BBB007CFE72 /* OHHTTPStubs.h */ = {isa = PBXFileReference; fileEncoding = 4; lastKnownFileType = sourcecode.c.h; path = OHHTTPStubs.h; sourceTree = "<group>"; };
		95C314D020037BBB007CFE72 /* Compatibility.h */ = {isa = PBXFileReference; fileEncoding = 4; lastKnownFileType = sourcecode.c.h; path = Compatibility.h; sourceTree = "<group>"; };
		95C314D220037BBC007CFE72 /* NSURLRequest+HTTPBodyTesting.m */ = {isa = PBXFileReference; fileEncoding = 4; lastKnownFileType = sourcecode.c.objc; path = "NSURLRequest+HTTPBodyTesting.m"; sourceTree = "<group>"; };
		95C314D320037BBC007CFE72 /* OHHTTPStubsMethodSwizzling.m */ = {isa = PBXFileReference; fileEncoding = 4; lastKnownFileType = sourcecode.c.objc; path = OHHTTPStubsMethodSwizzling.m; sourceTree = "<group>"; };
		95C314D420037BBC007CFE72 /* NSURLRequest+HTTPBodyTesting.h */ = {isa = PBXFileReference; fileEncoding = 4; lastKnownFileType = sourcecode.c.h; path = "NSURLRequest+HTTPBodyTesting.h"; sourceTree = "<group>"; };
		95C314D520037BBC007CFE72 /* OHHTTPStubs+NSURLSessionConfiguration.m */ = {isa = PBXFileReference; fileEncoding = 4; lastKnownFileType = sourcecode.c.objc; path = "OHHTTPStubs+NSURLSessionConfiguration.m"; sourceTree = "<group>"; };
		95C314D620037BBC007CFE72 /* OHHTTPStubsMethodSwizzling.h */ = {isa = PBXFileReference; fileEncoding = 4; lastKnownFileType = sourcecode.c.h; path = OHHTTPStubsMethodSwizzling.h; sourceTree = "<group>"; };
		95C314E220040A14007CFE72 /* VisaCheckoutParams.json */ = {isa = PBXFileReference; lastKnownFileType = text.json; path = VisaCheckoutParams.json; sourceTree = "<group>"; };
		972160A02004475E00644B6F /* VisaCheckoutTransaction.json */ = {isa = PBXFileReference; lastKnownFileType = text.json; path = VisaCheckoutTransaction.json; sourceTree = "<group>"; };
		972D988D1FFF4B8D00AB8635 /* MerchantID.txt */ = {isa = PBXFileReference; fileEncoding = 4; lastKnownFileType = text; path = MerchantID.txt; sourceTree = "<group>"; };
		976E84E31FF46E9E001CE383 /* VisaCheckoutHybrid.framework */ = {isa = PBXFileReference; lastKnownFileType = wrapper.framework; path = VisaCheckoutHybrid.framework; sourceTree = "<group>"; };
		EA6365D21EDFE8AD00553EC7 /* DeveloperViewController.swift */ = {isa = PBXFileReference; fileEncoding = 4; lastKnownFileType = sourcecode.swift; path = DeveloperViewController.swift; sourceTree = "<group>"; };
		F861587E1EB16107007EFE17 /* registrationData.json */ = {isa = PBXFileReference; fileEncoding = 4; lastKnownFileType = text.json; path = registrationData.json; sourceTree = "<group>"; };
		F86158801EB16305007EFE17 /* paymentData.json */ = {isa = PBXFileReference; fileEncoding = 4; lastKnownFileType = text.json; path = paymentData.json; sourceTree = "<group>"; };
		F87893F71EB02A480049E354 /* AppSettings.h */ = {isa = PBXFileReference; fileEncoding = 4; lastKnownFileType = sourcecode.c.h; path = AppSettings.h; sourceTree = "<group>"; };
		F87893F81EB02A480049E354 /* AppSettings.m */ = {isa = PBXFileReference; fileEncoding = 4; lastKnownFileType = sourcecode.c.objc; path = AppSettings.m; sourceTree = "<group>"; };
		F8A9E3CC1E8B266800081251 /* BNPayment-Example.entitlements */ = {isa = PBXFileReference; lastKnownFileType = text.plist.entitlements; path = "BNPayment-Example.entitlements"; sourceTree = "<group>"; };
		F8A9E3CD1E8B2DA000081251 /* PassKit.framework */ = {isa = PBXFileReference; lastKnownFileType = wrapper.framework; name = PassKit.framework; path = System/Library/Frameworks/PassKit.framework; sourceTree = SDKROOT; };
		F8C7D7721E88B24200FC7362 /* BNPayment-Example-Bridging-Header.h */ = {isa = PBXFileReference; lastKnownFileType = sourcecode.c.h; path = "BNPayment-Example-Bridging-Header.h"; sourceTree = "<group>"; };
		F8C7D7751E88B34900FC7362 /* ProductsViewController.swift */ = {isa = PBXFileReference; fileEncoding = 4; lastKnownFileType = sourcecode.swift; path = ProductsViewController.swift; sourceTree = "<group>"; };
		F8C7D7771E88C3E100FC7362 /* CardsViewController.swift */ = {isa = PBXFileReference; fileEncoding = 4; lastKnownFileType = sourcecode.swift; path = CardsViewController.swift; sourceTree = "<group>"; };
		F8C7D78E1E89B10800FC7362 /* CardsTableViewCell.swift */ = {isa = PBXFileReference; fileEncoding = 4; lastKnownFileType = sourcecode.swift; path = CardsTableViewCell.swift; sourceTree = "<group>"; };
		F8D0A2701E8C6B4300FD49B1 /* BNColor.swift */ = {isa = PBXFileReference; fileEncoding = 4; lastKnownFileType = sourcecode.swift; path = BNColor.swift; sourceTree = "<group>"; };
		F8D0A2731E8C745800FD49B1 /* MyDetailsViewController.swift */ = {isa = PBXFileReference; fileEncoding = 4; lastKnownFileType = sourcecode.swift; path = MyDetailsViewController.swift; sourceTree = "<group>"; };
		F8D0A2751E8C746C00FD49B1 /* CustomDataViewController.swift */ = {isa = PBXFileReference; fileEncoding = 4; lastKnownFileType = sourcecode.swift; path = CustomDataViewController.swift; sourceTree = "<group>"; };
		F8FD69161E92F84F00121C68 /* TODO */ = {isa = PBXFileReference; lastKnownFileType = text; path = TODO; sourceTree = "<group>"; };
/* End PBXFileReference section */

/* Begin PBXFrameworksBuildPhase section */
		5DAABF3C1CB69B8100CEDB91 /* Frameworks */ = {
			isa = PBXFrameworksBuildPhase;
			buildActionMask = 2147483647;
			files = (
				F8A9E3CE1E8B2DA000081251 /* PassKit.framework in Frameworks */,
				5D7723A91CB79E6D00D680FE /* UIKit.framework in Frameworks */,
				5D8007151CB7D1E200E29149 /* BNPayment.framework in Frameworks */,
				976E84E41FF46E9E001CE383 /* VisaCheckoutHybrid.framework in Frameworks */,
			);
			runOnlyForDeploymentPostprocessing = 0;
		};
/* End PBXFrameworksBuildPhase section */

/* Begin PBXGroup section */
		5DAABF361CB69B8100CEDB91 = {
			isa = PBXGroup;
			children = (
				F8FD69161E92F84F00121C68 /* TODO */,
				5DAABFEC1CB6A4F300CEDB91 /* Frameworks */,
				5DAABF411CB69B8100CEDB91 /* BNPayment-Example */,
				5DAABF401CB69B8100CEDB91 /* Products */,
			);
			sourceTree = "<group>";
		};
		5DAABF401CB69B8100CEDB91 /* Products */ = {
			isa = PBXGroup;
			children = (
				5DAABF3F1CB69B8100CEDB91 /* BNPayment-Example.app */,
			);
			name = Products;
			sourceTree = "<group>";
		};
		5DAABF411CB69B8100CEDB91 /* BNPayment-Example */ = {
			isa = PBXGroup;
			children = (
				95C314BD20037BA3007CFE72 /* OHHTTPStubs */,
				972D988D1FFF4B8D00AB8635 /* MerchantID.txt */,
				F86158801EB16305007EFE17 /* paymentData.json */,
				F861587E1EB16107007EFE17 /* registrationData.json */,
				F8D0A2781E8C78D400FD49B1 /* Common */,
				F8D0A2771E8C78C700FD49B1 /* Cells */,
				F8D0A2721E8C743600FD49B1 /* View Controllers */,
				F8A9E3CC1E8B266800081251 /* BNPayment-Example.entitlements */,
				F87893F71EB02A480049E354 /* AppSettings.h */,
				F87893F81EB02A480049E354 /* AppSettings.m */,
				5DAABF451CB69B8100CEDB91 /* AppDelegate.h */,
				5DAABF461CB69B8100CEDB91 /* AppDelegate.m */,
				5DAABF4B1CB69B8100CEDB91 /* Main.storyboard */,
				5DAABF4E1CB69B8100CEDB91 /* Assets.xcassets */,
				5DAABF501CB69B8100CEDB91 /* LaunchScreen.storyboard */,
				5DAABF531CB69B8100CEDB91 /* Info.plist */,
				5DAABF421CB69B8100CEDB91 /* Supporting Files */,
				F8C7D7721E88B24200FC7362 /* BNPayment-Example-Bridging-Header.h */,
			);
			path = "BNPayment-Example";
			sourceTree = "<group>";
		};
		5DAABF421CB69B8100CEDB91 /* Supporting Files */ = {
			isa = PBXGroup;
			children = (
				5DAABF431CB69B8100CEDB91 /* main.m */,
			);
			name = "Supporting Files";
			sourceTree = "<group>";
		};
		5DAABFEC1CB6A4F300CEDB91 /* Frameworks */ = {
			isa = PBXGroup;
			children = (
				976E84E31FF46E9E001CE383 /* VisaCheckoutHybrid.framework */,
				F8A9E3CD1E8B2DA000081251 /* PassKit.framework */,
				5D80070F1CB7CE6200E29149 /* BNPayment.framework */,
				5D7723A81CB79E6D00D680FE /* UIKit.framework */,
			);
			name = Frameworks;
			sourceTree = "<group>";
		};
		95C314BD20037BA3007CFE72 /* OHHTTPStubs */ = {
			isa = PBXGroup;
			children = (
				95C314E1200409E5007CFE72 /* TestData */,
				95C314D020037BBB007CFE72 /* Compatibility.h */,
				95C314CC20037BBB007CFE72 /* HTTPMessage */,
				95C314BE20037BBB007CFE72 /* JSON */,
				95C314C920037BBB007CFE72 /* Mocktail */,
				95C314D120037BBC007CFE72 /* NSURLSession */,
				95C314CF20037BBB007CFE72 /* OHHTTPStubs.h */,
				95C314C120037BBB007CFE72 /* OHHTTPStubs.m */,
				95C314C220037BBB007CFE72 /* OHHTTPStubsResponse.h */,
				95C314C820037BBB007CFE72 /* OHHTTPStubsResponse.m */,
				95C314C320037BBB007CFE72 /* OHPathHelpers */,
			);
			name = OHHTTPStubs;
			sourceTree = "<group>";
		};
		95C314BE20037BBB007CFE72 /* JSON */ = {
			isa = PBXGroup;
			children = (
				95C314BF20037BBB007CFE72 /* OHHTTPStubsResponse+JSON.m */,
				95C314C020037BBB007CFE72 /* OHHTTPStubsResponse+JSON.h */,
			);
			path = JSON;
			sourceTree = "<group>";
		};
		95C314C320037BBB007CFE72 /* OHPathHelpers */ = {
			isa = PBXGroup;
			children = (
				95C314C420037BBB007CFE72 /* OHPathHelpers.m */,
				95C314C520037BBB007CFE72 /* OHPathHelpers.h */,
			);
			path = OHPathHelpers;
			sourceTree = "<group>";
		};
		95C314C920037BBB007CFE72 /* Mocktail */ = {
			isa = PBXGroup;
			children = (
				95C314CA20037BBB007CFE72 /* OHHTTPStubs+Mocktail.h */,
				95C314CB20037BBB007CFE72 /* OHHTTPStubs+Mocktail.m */,
			);
			path = Mocktail;
			sourceTree = "<group>";
		};
		95C314CC20037BBB007CFE72 /* HTTPMessage */ = {
			isa = PBXGroup;
			children = (
				95C314CD20037BBB007CFE72 /* OHHTTPStubsResponse+HTTPMessage.h */,
				95C314CE20037BBB007CFE72 /* OHHTTPStubsResponse+HTTPMessage.m */,
			);
			path = HTTPMessage;
			sourceTree = "<group>";
		};
		95C314D120037BBC007CFE72 /* NSURLSession */ = {
			isa = PBXGroup;
			children = (
				95C314D220037BBC007CFE72 /* NSURLRequest+HTTPBodyTesting.m */,
				95C314D320037BBC007CFE72 /* OHHTTPStubsMethodSwizzling.m */,
				95C314D420037BBC007CFE72 /* NSURLRequest+HTTPBodyTesting.h */,
				95C314D520037BBC007CFE72 /* OHHTTPStubs+NSURLSessionConfiguration.m */,
				95C314D620037BBC007CFE72 /* OHHTTPStubsMethodSwizzling.h */,
			);
			path = NSURLSession;
			sourceTree = "<group>";
		};
		95C314E1200409E5007CFE72 /* TestData */ = {
			isa = PBXGroup;
			children = (
				95C314E220040A14007CFE72 /* VisaCheckoutParams.json */,
				972160A02004475E00644B6F /* VisaCheckoutTransaction.json */,
			);
			path = TestData;
			sourceTree = "<group>";
		};
		F8D0A2721E8C743600FD49B1 /* View Controllers */ = {
			isa = PBXGroup;
			children = (
				F8D0A2731E8C745800FD49B1 /* MyDetailsViewController.swift */,
				F8C7D7751E88B34900FC7362 /* ProductsViewController.swift */,
				F8C7D7771E88C3E100FC7362 /* CardsViewController.swift */,
				F8D0A2751E8C746C00FD49B1 /* CustomDataViewController.swift */,
				EA6365D21EDFE8AD00553EC7 /* DeveloperViewController.swift */,
			);
			name = "View Controllers";
			sourceTree = "<group>";
		};
		F8D0A2771E8C78C700FD49B1 /* Cells */ = {
			isa = PBXGroup;
			children = (
				F8C7D78E1E89B10800FC7362 /* CardsTableViewCell.swift */,
			);
			name = Cells;
			sourceTree = "<group>";
		};
		F8D0A2781E8C78D400FD49B1 /* Common */ = {
			isa = PBXGroup;
			children = (
				F8D0A2701E8C6B4300FD49B1 /* BNColor.swift */,
			);
			name = Common;
			sourceTree = "<group>";
		};
/* End PBXGroup section */

/* Begin PBXNativeTarget section */
		5DAABF3E1CB69B8100CEDB91 /* BNPayment-Example */ = {
			isa = PBXNativeTarget;
			buildConfigurationList = 5DAABF561CB69B8100CEDB91 /* Build configuration list for PBXNativeTarget "BNPayment-Example" */;
			buildPhases = (
				5DAABF3B1CB69B8100CEDB91 /* Sources */,
				5DAABF3C1CB69B8100CEDB91 /* Frameworks */,
				5DAABF3D1CB69B8100CEDB91 /* Resources */,
				5D7723B31CB7A21200D680FE /* CopyFiles */,
			);
			buildRules = (
			);
			dependencies = (
			);
			name = "BNPayment-Example";
			productName = "BNPayment-Example";
			productReference = 5DAABF3F1CB69B8100CEDB91 /* BNPayment-Example.app */;
			productType = "com.apple.product-type.application";
		};
/* End PBXNativeTarget section */

/* Begin PBXProject section */
		5DAABF371CB69B8100CEDB91 /* Project object */ = {
			isa = PBXProject;
			attributes = {
				LastUpgradeCheck = 0810;
				ORGANIZATIONNAME = Bambora;
				TargetAttributes = {
					5DAABF3E1CB69B8100CEDB91 = {
						CreatedOnToolsVersion = 7.2.1;
						DevelopmentTeam = 5MD8YB29K7;
						LastSwiftMigration = 0820;
						SystemCapabilities = {
							com.apple.ApplePay = {
								enabled = 1;
							};
						};
					};
				};
			};
			buildConfigurationList = 5DAABF3A1CB69B8100CEDB91 /* Build configuration list for PBXProject "BNPayment-Example" */;
			compatibilityVersion = "Xcode 3.2";
			developmentRegion = English;
			hasScannedForEncodings = 0;
			knownRegions = (
				en,
				Base,
			);
			mainGroup = 5DAABF361CB69B8100CEDB91;
			productRefGroup = 5DAABF401CB69B8100CEDB91 /* Products */;
			projectDirPath = "";
			projectRoot = "";
			targets = (
				5DAABF3E1CB69B8100CEDB91 /* BNPayment-Example */,
			);
		};
/* End PBXProject section */

/* Begin PBXResourcesBuildPhase section */
		5DAABF3D1CB69B8100CEDB91 /* Resources */ = {
			isa = PBXResourcesBuildPhase;
			buildActionMask = 2147483647;
			files = (
				5DAABF521CB69B8100CEDB91 /* LaunchScreen.storyboard in Resources */,
				972D988E1FFF4B8D00AB8635 /* MerchantID.txt in Resources */,
				95C314E320040A14007CFE72 /* VisaCheckoutParams.json in Resources */,
				972160A12004475E00644B6F /* VisaCheckoutTransaction.json in Resources */,
				F86158811EB16305007EFE17 /* paymentData.json in Resources */,
				5DAABF4F1CB69B8100CEDB91 /* Assets.xcassets in Resources */,
				F861587F1EB16107007EFE17 /* registrationData.json in Resources */,
				5DAABF4D1CB69B8100CEDB91 /* Main.storyboard in Resources */,
			);
			runOnlyForDeploymentPostprocessing = 0;
		};
/* End PBXResourcesBuildPhase section */

/* Begin PBXSourcesBuildPhase section */
		5DAABF3B1CB69B8100CEDB91 /* Sources */ = {
			isa = PBXSourcesBuildPhase;
			buildActionMask = 2147483647;
			files = (
				95C314DF20037BBC007CFE72 /* OHHTTPStubsMethodSwizzling.m in Sources */,
				95C314DB20037BBC007CFE72 /* OHHTTPStubsResponse.m in Sources */,
				F8D0A2761E8C746C00FD49B1 /* CustomDataViewController.swift in Sources */,
				5DAABF471CB69B8100CEDB91 /* AppDelegate.m in Sources */,
				F87893F91EB02A480049E354 /* AppSettings.m in Sources */,
				F8D0A2741E8C745800FD49B1 /* MyDetailsViewController.swift in Sources */,
				95C314DD20037BBC007CFE72 /* OHHTTPStubsResponse+HTTPMessage.m in Sources */,
				95C314D820037BBC007CFE72 /* OHHTTPStubs.m in Sources */,
				F8D0A2711E8C6B4300FD49B1 /* BNColor.swift in Sources */,
				95C314DC20037BBC007CFE72 /* OHHTTPStubs+Mocktail.m in Sources */,
				EA6365D31EDFE8AD00553EC7 /* DeveloperViewController.swift in Sources */,
				95C314D720037BBC007CFE72 /* OHHTTPStubsResponse+JSON.m in Sources */,
				F8C7D7781E88C3E100FC7362 /* CardsViewController.swift in Sources */,
				F8C7D7761E88B34900FC7362 /* ProductsViewController.swift in Sources */,
				95C314D920037BBC007CFE72 /* OHPathHelpers.m in Sources */,
				95C314DE20037BBC007CFE72 /* NSURLRequest+HTTPBodyTesting.m in Sources */,
				95C314E020037BBC007CFE72 /* OHHTTPStubs+NSURLSessionConfiguration.m in Sources */,
				5DAABF441CB69B8100CEDB91 /* main.m in Sources */,
				F8C7D78F1E89B10800FC7362 /* CardsTableViewCell.swift in Sources */,
			);
			runOnlyForDeploymentPostprocessing = 0;
		};
/* End PBXSourcesBuildPhase section */

/* Begin PBXVariantGroup section */
		5DAABF4B1CB69B8100CEDB91 /* Main.storyboard */ = {
			isa = PBXVariantGroup;
			children = (
				5DAABF4C1CB69B8100CEDB91 /* Base */,
			);
			name = Main.storyboard;
			sourceTree = "<group>";
		};
		5DAABF501CB69B8100CEDB91 /* LaunchScreen.storyboard */ = {
			isa = PBXVariantGroup;
			children = (
				5DAABF511CB69B8100CEDB91 /* Base */,
			);
			name = LaunchScreen.storyboard;
			sourceTree = "<group>";
		};
/* End PBXVariantGroup section */

/* Begin XCBuildConfiguration section */
		5DAABF541CB69B8100CEDB91 /* Debug */ = {
			isa = XCBuildConfiguration;
			buildSettings = {
				ALWAYS_SEARCH_USER_PATHS = NO;
				CLANG_CXX_LANGUAGE_STANDARD = "gnu++0x";
				CLANG_CXX_LIBRARY = "libc++";
				CLANG_ENABLE_MODULES = YES;
				CLANG_ENABLE_OBJC_ARC = YES;
				CLANG_WARN_BOOL_CONVERSION = YES;
				CLANG_WARN_CONSTANT_CONVERSION = YES;
				CLANG_WARN_DIRECT_OBJC_ISA_USAGE = YES_ERROR;
				CLANG_WARN_EMPTY_BODY = YES;
				CLANG_WARN_ENUM_CONVERSION = YES;
				CLANG_WARN_INFINITE_RECURSION = YES;
				CLANG_WARN_INT_CONVERSION = YES;
				CLANG_WARN_OBJC_ROOT_CLASS = YES_ERROR;
				CLANG_WARN_SUSPICIOUS_MOVE = YES;
				CLANG_WARN_UNREACHABLE_CODE = YES;
				CLANG_WARN__DUPLICATE_METHOD_MATCH = YES;
				"CODE_SIGN_IDENTITY[sdk=iphoneos*]" = "iPhone Developer";
				COPY_PHASE_STRIP = NO;
				DEBUG_INFORMATION_FORMAT = dwarf;
				ENABLE_STRICT_OBJC_MSGSEND = YES;
				ENABLE_TESTABILITY = YES;
				GCC_C_LANGUAGE_STANDARD = gnu99;
				GCC_DYNAMIC_NO_PIC = NO;
				GCC_NO_COMMON_BLOCKS = YES;
				GCC_OPTIMIZATION_LEVEL = 0;
				GCC_PREPROCESSOR_DEFINITIONS = (
					"DEBUG=1",
					"$(inherited)",
				);
				GCC_WARN_64_TO_32_BIT_CONVERSION = YES;
				GCC_WARN_ABOUT_RETURN_TYPE = YES_ERROR;
				GCC_WARN_UNDECLARED_SELECTOR = YES;
				GCC_WARN_UNINITIALIZED_AUTOS = YES_AGGRESSIVE;
				GCC_WARN_UNUSED_FUNCTION = YES;
				GCC_WARN_UNUSED_VARIABLE = YES;
				IPHONEOS_DEPLOYMENT_TARGET = 8.0;
				MTL_ENABLE_DEBUG_INFO = YES;
				ONLY_ACTIVE_ARCH = YES;
				SDKROOT = iphoneos;
				USER_HEADER_SEARCH_PATHS = "";
			};
			name = Debug;
		};
		5DAABF551CB69B8100CEDB91 /* Release */ = {
			isa = XCBuildConfiguration;
			buildSettings = {
				ALWAYS_SEARCH_USER_PATHS = NO;
				CLANG_CXX_LANGUAGE_STANDARD = "gnu++0x";
				CLANG_CXX_LIBRARY = "libc++";
				CLANG_ENABLE_MODULES = YES;
				CLANG_ENABLE_OBJC_ARC = YES;
				CLANG_WARN_BOOL_CONVERSION = YES;
				CLANG_WARN_CONSTANT_CONVERSION = YES;
				CLANG_WARN_DIRECT_OBJC_ISA_USAGE = YES_ERROR;
				CLANG_WARN_EMPTY_BODY = YES;
				CLANG_WARN_ENUM_CONVERSION = YES;
				CLANG_WARN_INFINITE_RECURSION = YES;
				CLANG_WARN_INT_CONVERSION = YES;
				CLANG_WARN_OBJC_ROOT_CLASS = YES_ERROR;
				CLANG_WARN_SUSPICIOUS_MOVE = YES;
				CLANG_WARN_UNREACHABLE_CODE = YES;
				CLANG_WARN__DUPLICATE_METHOD_MATCH = YES;
				"CODE_SIGN_IDENTITY[sdk=iphoneos*]" = "iPhone Developer";
				COPY_PHASE_STRIP = NO;
				DEBUG_INFORMATION_FORMAT = "dwarf-with-dsym";
				ENABLE_NS_ASSERTIONS = NO;
				ENABLE_STRICT_OBJC_MSGSEND = YES;
				GCC_C_LANGUAGE_STANDARD = gnu99;
				GCC_NO_COMMON_BLOCKS = YES;
				GCC_WARN_64_TO_32_BIT_CONVERSION = YES;
				GCC_WARN_ABOUT_RETURN_TYPE = YES_ERROR;
				GCC_WARN_UNDECLARED_SELECTOR = YES;
				GCC_WARN_UNINITIALIZED_AUTOS = YES_AGGRESSIVE;
				GCC_WARN_UNUSED_FUNCTION = YES;
				GCC_WARN_UNUSED_VARIABLE = YES;
				IPHONEOS_DEPLOYMENT_TARGET = 8.0;
				MTL_ENABLE_DEBUG_INFO = NO;
				SDKROOT = iphoneos;
				VALIDATE_PRODUCT = YES;
			};
			name = Release;
		};
		5DAABF571CB69B8100CEDB91 /* Debug */ = {
			isa = XCBuildConfiguration;
			buildSettings = {
				ASSETCATALOG_COMPILER_APPICON_NAME = AppIcon;
				CLANG_ENABLE_MODULES = YES;
				CLANG_WARN_INFINITE_RECURSION = YES;
				CLANG_WARN_SUSPICIOUS_MOVE = YES;
				CODE_SIGN_ENTITLEMENTS = "BNPayment-Example/BNPayment-Example.entitlements";
				DEVELOPMENT_TEAM = 5MD8YB29K7;
				FRAMEWORK_SEARCH_PATHS = (
					"$(inherited)",
					"$(PROJECT_DIR)",
				);
				INFOPLIST_FILE = "BNPayment-Example/Info.plist";
				LD_RUNPATH_SEARCH_PATHS = "$(inherited) @executable_path/Frameworks";
				ONLY_ACTIVE_ARCH = NO;
				PRODUCT_BUNDLE_IDENTIFIER = com.ippayments.sdkdemo;
				PRODUCT_NAME = "$(TARGET_NAME)";
				SWIFT_OBJC_BRIDGING_HEADER = "BNPayment-Example/BNPayment-Example-Bridging-Header.h";
				SWIFT_OPTIMIZATION_LEVEL = "-Onone";
				SWIFT_VERSION = 3.0;
			};
			name = Debug;
		};
		5DAABF581CB69B8100CEDB91 /* Release */ = {
			isa = XCBuildConfiguration;
			buildSettings = {
				ASSETCATALOG_COMPILER_APPICON_NAME = AppIcon;
				CLANG_ENABLE_MODULES = YES;
				CLANG_WARN_INFINITE_RECURSION = YES;
				CLANG_WARN_SUSPICIOUS_MOVE = YES;
				CODE_SIGN_ENTITLEMENTS = "BNPayment-Example/BNPayment-Example.entitlements";
				DEVELOPMENT_TEAM = 5MD8YB29K7;
				FRAMEWORK_SEARCH_PATHS = (
					"$(inherited)",
					"$(PROJECT_DIR)",
				);
				INFOPLIST_FILE = "BNPayment-Example/Info.plist";
				LD_RUNPATH_SEARCH_PATHS = "$(inherited) @executable_path/Frameworks";
				PRODUCT_BUNDLE_IDENTIFIER = com.ippayments.sdkdemo;
				PRODUCT_NAME = "$(TARGET_NAME)";
				SWIFT_OBJC_BRIDGING_HEADER = "BNPayment-Example/BNPayment-Example-Bridging-Header.h";
				SWIFT_VERSION = 3.0;
			};
			name = Release;
		};
/* End XCBuildConfiguration section */

/* Begin XCConfigurationList section */
		5DAABF3A1CB69B8100CEDB91 /* Build configuration list for PBXProject "BNPayment-Example" */ = {
			isa = XCConfigurationList;
			buildConfigurations = (
				5DAABF541CB69B8100CEDB91 /* Debug */,
				5DAABF551CB69B8100CEDB91 /* Release */,
			);
			defaultConfigurationIsVisible = 0;
			defaultConfigurationName = Release;
		};
		5DAABF561CB69B8100CEDB91 /* Build configuration list for PBXNativeTarget "BNPayment-Example" */ = {
			isa = XCConfigurationList;
			buildConfigurations = (
				5DAABF571CB69B8100CEDB91 /* Debug */,
				5DAABF581CB69B8100CEDB91 /* Release */,
			);
			defaultConfigurationIsVisible = 0;
			defaultConfigurationName = Release;
		};
/* End XCConfigurationList section */
	};
	rootObject = 5DAABF371CB69B8100CEDB91 /* Project object */;
}
